
Microsoft Visual Studio Solution File, Format Version 12.00
# Visual Studio Version 17
VisualStudioVersion = 17.4.33213.308
MinimumVisualStudioVersion = 10.0.40219.1
Project("{9A19103F-16F7-4668-BE54-9A1E7A4F7556}") = "Training", "Training.csproj", "{32B282D0-AD80-4551-B181-D121CD880A6F}"
EndProject
Project("{9A19103F-16F7-4668-BE54-9A1E7A4F7556}") = "MSTestProject", "Test\MSTestProject.csproj", "{2AD7596F-DA8D-4896-B0C4-B6DC9522C437}"
EndProject
Project("{FAE04EC0-301F-11D3-BF4B-00C04F79EFBC}") = "Test", "Test\Test.csproj", "{F501FEF4-B92C-43CF-AE4E-05C09A5D5108}"
EndProject
Global
	GlobalSection(SolutionConfigurationPlatforms) = preSolution
		Debug|Any CPU = Debug|Any CPU
		Release|Any CPU = Release|Any CPU
	EndGlobalSection
	GlobalSection(ProjectConfigurationPlatforms) = postSolution
		{32B282D0-AD80-4551-B181-D121CD880A6F}.Debug|Any CPU.ActiveCfg = Debug|Any CPU
		{32B282D0-AD80-4551-B181-D121CD880A6F}.Debug|Any CPU.Build.0 = Debug|Any CPU
		{32B282D0-AD80-4551-B181-D121CD880A6F}.Release|Any CPU.ActiveCfg = Release|Any CPU
		{32B282D0-AD80-4551-B181-D121CD880A6F}.Release|Any CPU.Build.0 = Release|Any CPU
		{2AD7596F-DA8D-4896-B0C4-B6DC9522C437}.Debug|Any CPU.ActiveCfg = Debug|Any CPU
		{2AD7596F-DA8D-4896-B0C4-B6DC9522C437}.Debug|Any CPU.Build.0 = Debug|Any CPU
		{2AD7596F-DA8D-4896-B0C4-B6DC9522C437}.Release|Any CPU.ActiveCfg = Release|Any CPU
		{2AD7596F-DA8D-4896-B0C4-B6DC9522C437}.Release|Any CPU.Build.0 = Release|Any CPU
		{F501FEF4-B92C-43CF-AE4E-05C09A5D5108}.Debug|Any CPU.ActiveCfg = Debug|Any CPU
		{F501FEF4-B92C-43CF-AE4E-05C09A5D5108}.Debug|Any CPU.Build.0 = Debug|Any CPU
		{F501FEF4-B92C-43CF-AE4E-05C09A5D5108}.Release|Any CPU.ActiveCfg = Release|Any CPU
		{F501FEF4-B92C-43CF-AE4E-05C09A5D5108}.Release|Any CPU.Build.0 = Release|Any CPU
	EndGlobalSection
	GlobalSection(SolutionProperties) = preSolution
		HideSolutionNode = FALSE
	EndGlobalSection
	GlobalSection(ExtensibilityGlobals) = postSolution
		SolutionGuid = {E8142BEC-43B7-444D-9BFC-2BF6B21C19D3}
	EndGlobalSection
EndGlobal
