
Microsoft Visual Studio Solution File, Format Version 12.00
# Visual Studio Version 17
VisualStudioVersion = 17.4.33205.214
MinimumVisualStudioVersion = 10.0.40219.1
Project("{9A19103F-16F7-4668-BE54-9A1E7A4F7556}") = "Wordle", "Wordle.csproj", "{5FB6A938-8844-4840-857E-0296C775CDAA}"
EndProject
Global
	GlobalSection(SolutionConfigurationPlatforms) = preSolution
		Debug|Any CPU = Debug|Any CPU
		Release|Any CPU = Release|Any CPU
	EndGlobalSection
	GlobalSection(ProjectConfigurationPlatforms) = postSolution
		{5FB6A938-8844-4840-857E-0296C775CDAA}.Debug|Any CPU.ActiveCfg = Debug|Any CPU
		{5FB6A938-8844-4840-857E-0296C775CDAA}.Debug|Any CPU.Build.0 = Debug|Any CPU
		{5FB6A938-8844-4840-857E-0296C775CDAA}.Release|Any CPU.ActiveCfg = Release|Any CPU
		{5FB6A938-8844-4840-857E-0296C775CDAA}.Release|Any CPU.Build.0 = Release|Any CPU
	EndGlobalSection
	GlobalSection(SolutionProperties) = preSolution
		HideSolutionNode = FALSE
	EndGlobalSection
	GlobalSection(ExtensibilityGlobals) = postSolution
		SolutionGuid = {8F7BAC6B-D874-43DA-9D46-5C4F51A596AF}
	EndGlobalSection
EndGlobal
